
Microsoft Visual Studio Solution File, Format Version 12.00
# Visual Studio Version 17
VisualStudioVersion = 17.4.33213.308
MinimumVisualStudioVersion = 10.0.40219.1
Project("{8BC9CEB8-8B4A-11D0-8D11-00A0C91BC942}") = "C_test_021", "C_test_021\C_test_021.vcxproj", "{4D2B0E26-F0B8-482C-8009-C88C72BEAA25}"
EndProject
Global
	GlobalSection(SolutionConfigurationPlatforms) = preSolution
		Debug|x64 = Debug|x64
		Debug|x86 = Debug|x86
		Release|x64 = Release|x64
		Release|x86 = Release|x86
	EndGlobalSection
	GlobalSection(ProjectConfigurationPlatforms) = postSolution
		{4D2B0E26-F0B8-482C-8009-C88C72BEAA25}.Debug|x64.ActiveCfg = Debug|x64
		{4D2B0E26-F0B8-482C-8009-C88C72BEAA25}.Debug|x64.Build.0 = Debug|x64
		{4D2B0E26-F0B8-482C-8009-C88C72BEAA25}.Debug|x86.ActiveCfg = Debug|Win32
		{4D2B0E26-F0B8-482C-8009-C88C72BEAA25}.Debug|x86.Build.0 = Debug|Win32
		{4D2B0E26-F0B8-482C-8009-C88C72BEAA25}.Release|x64.ActiveCfg = Release|x64
		{4D2B0E26-F0B8-482C-8009-C88C72BEAA25}.Release|x64.Build.0 = Release|x64
		{4D2B0E26-F0B8-482C-8009-C88C72BEAA25}.Release|x86.ActiveCfg = Release|Win32
		{4D2B0E26-F0B8-482C-8009-C88C72BEAA25}.Release|x86.Build.0 = Release|Win32
	EndGlobalSection
	GlobalSection(SolutionProperties) = preSolution
		HideSolutionNode = FALSE
	EndGlobalSection
	GlobalSection(ExtensibilityGlobals) = postSolution
		SolutionGuid = {AE5834DB-AF0A-44E9-99F5-DB6BB1F52E29}
	EndGlobalSection
EndGlobal
